Microsoft Visual Studio Solution File, Format Version 12.00
# Visual Studio Version 17
VisualStudioVersion = 17.5.2.0
MinimumVisualStudioVersion = 10.0.40219.1
Project("{FAE04EC0-301F-11D3-BF4B-00C04F79EFBC}") = "AspNetOAuthLogin", "AspNetOAuthLogin.csproj", "{53831B16-F1FB-0036-5789-D85DE3F7940D}"
EndProject
Global
	GlobalSection(SolutionConfigurationPlatforms) = preSolution
		Debug|Any CPU = Debug|Any CPU
		Release|Any CPU = Release|Any CPU
	EndGlobalSection
	GlobalSection(ProjectConfigurationPlatforms) = postSolution
		{53831B16-F1FB-0036-5789-D85DE3F7940D}.Debug|Any CPU.ActiveCfg = Debug|Any CPU
		{53831B16-F1FB-0036-5789-D85DE3F7940D}.Debug|Any CPU.Build.0 = Debug|Any CPU
		{53831B16-F1FB-0036-5789-D85DE3F7940D}.Release|Any CPU.ActiveCfg = Release|Any CPU
		{53831B16-F1FB-0036-5789-D85DE3F7940D}.Release|Any CPU.Build.0 = Release|Any CPU
	EndGlobalSection
	GlobalSection(SolutionProperties) = preSolution
		HideSolutionNode = FALSE
	EndGlobalSection
	GlobalSection(ExtensibilityGlobals) = postSolution
		SolutionGuid = {A9484B2A-7122-4E23-96D4-BEF49CE5629F}
	EndGlobalSection
EndGlobal
